// !$*UTF8*$!
{
	archiveVersion = 1;
	classes = {
	};
	objectVersion = 46;
	objects = {

/* Begin PBXBuildFile section */
		71D3E04A802B6127636F3CDB /* Pods_MatchInfo_Test.framework in Frameworks */ = {isa = PBXBuildFile; fileRef = F4476CDEDFEAF71C9F27660D /* Pods_MatchInfo_Test.framework */; };
		B77538F41F606E0800A83B12 /* AppDelegate.swift in Sources */ = {isa = PBXBuildFile; fileRef = B77538F31F606E0800A83B12 /* AppDelegate.swift */; };
		B77538F61F606E0800A83B12 /* ViewController.swift in Sources */ = {isa = PBXBuildFile; fileRef = B77538F51F606E0800A83B12 /* ViewController.swift */; };
		B77538F91F606E0800A83B12 /* Main.storyboard in Resources */ = {isa = PBXBuildFile; fileRef = B77538F71F606E0800A83B12 /* Main.storyboard */; };
		B77538FB1F606E0800A83B12 /* Assets.xcassets in Resources */ = {isa = PBXBuildFile; fileRef = B77538FA1F606E0800A83B12 /* Assets.xcassets */; };
		B77538FE1F606E0800A83B12 /* LaunchScreen.storyboard in Resources */ = {isa = PBXBuildFile; fileRef = B77538FC1F606E0800A83B12 /* LaunchScreen.storyboard */; };
		B77539061F606E8600A83B12 /* Podfile in Resources */ = {isa = PBXBuildFile; fileRef = B77539051F606E8600A83B12 /* Podfile */; };
		B775390E1F606F4B00A83B12 /* DataExtension.swift in Sources */ = {isa = PBXBuildFile; fileRef = B775390D1F606F4B00A83B12 /* DataExtension.swift */; };
		B77539101F606F5500A83B12 /* Utils.swift in Sources */ = {isa = PBXBuildFile; fileRef = B775390F1F606F5500A83B12 /* Utils.swift */; };
		B77539121F606F6900A83B12 /* BaseViewModel.swift in Sources */ = {isa = PBXBuildFile; fileRef = B77539111F606F6900A83B12 /* BaseViewModel.swift */; };
		B77539141F606F7600A83B12 /* BaseViewModelDelegate.swift in Sources */ = {isa = PBXBuildFile; fileRef = B77539131F606F7600A83B12 /* BaseViewModelDelegate.swift */; };
		B77539161F606F8300A83B12 /* MatchInfoViewModel.swift in Sources */ = {isa = PBXBuildFile; fileRef = B77539151F606F8300A83B12 /* MatchInfoViewModel.swift */; };
		B77539181F606F9500A83B12 /* MatchInfoModel.swift in Sources */ = {isa = PBXBuildFile; fileRef = B77539171F606F9500A83B12 /* MatchInfoModel.swift */; };
		B775391A1F606F9F00A83B12 /* WicketModel.swift in Sources */ = {isa = PBXBuildFile; fileRef = B77539191F606F9F00A83B12 /* WicketModel.swift */; };
		B775391C1F606FAB00A83B12 /* DataModel.swift in Sources */ = {isa = PBXBuildFile; fileRef = B775391B1F606FAB00A83B12 /* DataModel.swift */; };
		B775391E1F606FB500A83B12 /* InningModel.swift in Sources */ = {isa = PBXBuildFile; fileRef = B775391D1F606FB500A83B12 /* InningModel.swift */; };
		B77539201F60712A00A83B12 /* match_info.json in Resources */ = {isa = PBXBuildFile; fileRef = B775391F1F60712A00A83B12 /* match_info.json */; };
/* End PBXBuildFile section */

/* Begin PBXFileReference section */
		3D1B1C346FE2ABDA9AADC82A /* Pods-MatchInfo_Test.debug.xcconfig */ = {isa = PBXFileReference; includeInIndex = 1; lastKnownFileType = text.xcconfig; name = "Pods-MatchInfo_Test.debug.xcconfig"; path = "Pods/Target Support Files/Pods-MatchInfo_Test/Pods-MatchInfo_Test.debug.xcconfig"; sourceTree = "<group>"; };
		B77538F01F606E0800A83B12 /* MatchInfo_Test.app */ = {isa = PBXFileReference; explicitFileType = wrapper.application; includeInIndex = 0; path = MatchInfo_Test.app; sourceTree = BUILT_PRODUCTS_DIR; };
		B77538F31F606E0800A83B12 /* AppDelegate.swift */ = {isa = PBXFileReference; lastKnownFileType = sourcecode.swift; path = AppDelegate.swift; sourceTree = "<group>"; };
		B77538F51F606E0800A83B12 /* ViewController.swift */ = {isa = PBXFileReference; lastKnownFileType = sourcecode.swift; path = ViewController.swift; sourceTree = "<group>"; };
		B77538F81F606E0800A83B12 /* Base */ = {isa = PBXFileReference; lastKnownFileType = file.storyboard; name = Base; path = Base.lproj/Main.storyboard; sourceTree = "<group>"; };
		B77538FA1F606E0800A83B12 /* Assets.xcassets */ = {isa = PBXFileReference; lastKnownFileType = folder.assetcatalog; path = Assets.xcassets; sourceTree = "<group>"; };
		B77538FD1F606E0800A83B12 /* Base */ = {isa = PBXFileReference; lastKnownFileType = file.storyboard; name = Base; path = Base.lproj/LaunchScreen.storyboard; sourceTree = "<group>"; };
		B77538FF1F606E0800A83B12 /* Info.plist */ = {isa = PBXFileReference; lastKnownFileType = text.plist.xml; path = Info.plist; sourceTree = "<group>"; };
		B77539051F606E8600A83B12 /* Podfile */ = {isa = PBXFileReference; fileEncoding = 4; lastKnownFileType = text; path = Podfile; sourceTree = "<group>"; xcLanguageSpecificationIdentifier = xcode.lang.ruby; };
		B775390D1F606F4B00A83B12 /* DataExtension.swift */ = {isa = PBXFileReference; fileEncoding = 4; lastKnownFileType = sourcecode.swift; path = DataExtension.swift; sourceTree = "<group>"; };
		B775390F1F606F5500A83B12 /* Utils.swift */ = {isa = PBXFileReference; fileEncoding = 4; lastKnownFileType = sourcecode.swift; path = Utils.swift; sourceTree = "<group>"; };
		B77539111F606F6900A83B12 /* BaseViewModel.swift */ = {isa = PBXFileReference; fileEncoding = 4; lastKnownFileType = sourcecode.swift; path = BaseViewModel.swift; sourceTree = "<group>"; };
		B77539131F606F7600A83B12 /* BaseViewModelDelegate.swift */ = {isa = PBXFileReference; fileEncoding = 4; lastKnownFileType = sourcecode.swift; path = BaseViewModelDelegate.swift; sourceTree = "<group>"; };
		B77539151F606F8300A83B12 /* MatchInfoViewModel.swift */ = {isa = PBXFileReference; fileEncoding = 4; lastKnownFileType = sourcecode.swift; path = MatchInfoViewModel.swift; sourceTree = "<group>"; };
		B77539171F606F9500A83B12 /* MatchInfoModel.swift */ = {isa = PBXFileReference; fileEncoding = 4; lastKnownFileType = sourcecode.swift; path = MatchInfoModel.swift; sourceTree = "<group>"; };
		B77539191F606F9F00A83B12 /* WicketModel.swift */ = {isa = PBXFileReference; fileEncoding = 4; lastKnownFileType = sourcecode.swift; path = WicketModel.swift; sourceTree = "<group>"; };
		B775391B1F606FAB00A83B12 /* DataModel.swift */ = {isa = PBXFileReference; fileEncoding = 4; lastKnownFileType = sourcecode.swift; path = DataModel.swift; sourceTree = "<group>"; };
		B775391D1F606FB500A83B12 /* InningModel.swift */ = {isa = PBXFileReference; fileEncoding = 4; lastKnownFileType = sourcecode.swift; path = InningModel.swift; sourceTree = "<group>"; };
		B775391F1F60712A00A83B12 /* match_info.json */ = {isa = PBXFileReference; fileEncoding = 4; lastKnownFileType = text.json; path = match_info.json; sourceTree = "<group>"; };
		F4476CDEDFEAF71C9F27660D /* Pods_MatchInfo_Test.framework */ = {isa = PBXFileReference; explicitFileType = wrapper.framework; includeInIndex = 0; path = Pods_MatchInfo_Test.framework; sourceTree = BUILT_PRODUCTS_DIR; };
		F7BDA77881A4DD04851BA099 /* Pods-MatchInfo_Test.release.xcconfig */ = {isa = PBXFileReference; includeInIndex = 1; lastKnownFileType = text.xcconfig; name = "Pods-MatchInfo_Test.release.xcconfig"; path = "Pods/Target Support Files/Pods-MatchInfo_Test/Pods-MatchInfo_Test.release.xcconfig"; sourceTree = "<group>"; };
/* End PBXFileReference section */

/* Begin PBXFrameworksBuildPhase section */
		B77538ED1F606E0800A83B12 /* Frameworks */ = {
			isa = PBXFrameworksBuildPhase;
			buildActionMask = 2147483647;
			files = (
				71D3E04A802B6127636F3CDB /* Pods_MatchInfo_Test.framework in Frameworks */,
			);
			runOnlyForDeploymentPostprocessing = 0;
		};
/* End PBXFrameworksBuildPhase section */

/* Begin PBXGroup section */
		16FE3C07F63C11CAE29B3E3A /* Pods */ = {
			isa = PBXGroup;
			children = (
				3D1B1C346FE2ABDA9AADC82A /* Pods-MatchInfo_Test.debug.xcconfig */,
				F7BDA77881A4DD04851BA099 /* Pods-MatchInfo_Test.release.xcconfig */,
			);
			name = Pods;
			sourceTree = "<group>";
		};
		8D7F3344348A81AF3A55DD15 /* Frameworks */ = {
			isa = PBXGroup;
			children = (
				F4476CDEDFEAF71C9F27660D /* Pods_MatchInfo_Test.framework */,
			);
			name = Frameworks;
			sourceTree = "<group>";
		};
		B77538E71F606E0800A83B12 = {
			isa = PBXGroup;
			children = (
				B77539051F606E8600A83B12 /* Podfile */,
				B77538F21F606E0800A83B12 /* MatchInfo_Test */,
				B77538F11F606E0800A83B12 /* Products */,
				16FE3C07F63C11CAE29B3E3A /* Pods */,
				8D7F3344348A81AF3A55DD15 /* Frameworks */,
			);
			sourceTree = "<group>";
		};
		B77538F11F606E0800A83B12 /* Products */ = {
			isa = PBXGroup;
			children = (
				B77538F01F606E0800A83B12 /* MatchInfo_Test.app */,
			);
			name = Products;
			sourceTree = "<group>";
		};
		B77538F21F606E0800A83B12 /* MatchInfo_Test */ = {
			isa = PBXGroup;
			children = (
				B775391F1F60712A00A83B12 /* match_info.json */,
				B775390B1F606F2000A83B12 /* Helpers */,
				B775390A1F606F1800A83B12 /* Models */,
				B77539071F606EE400A83B12 /* ViewModels */,
				B77538F31F606E0800A83B12 /* AppDelegate.swift */,
				B77538F51F606E0800A83B12 /* ViewController.swift */,
				B77538F71F606E0800A83B12 /* Main.storyboard */,
				B77538FA1F606E0800A83B12 /* Assets.xcassets */,
				B77538FC1F606E0800A83B12 /* LaunchScreen.storyboard */,
				B77538FF1F606E0800A83B12 /* Info.plist */,
			);
			path = MatchInfo_Test;
			sourceTree = "<group>";
		};
		B77539071F606EE400A83B12 /* ViewModels */ = {
			isa = PBXGroup;
			children = (
				B77539091F606F0A00A83B12 /* MatchInfoViewModel */,
				B77539081F606EF500A83B12 /* Delegates */,
				B77539111F606F6900A83B12 /* BaseViewModel.swift */,
			);
			path = ViewModels;
			sourceTree = "<group>";
		};
		B77539081F606EF500A83B12 /* Delegates */ = {
			isa = PBXGroup;
			children = (
				B77539131F606F7600A83B12 /* BaseViewModelDelegate.swift */,
			);
			path = Delegates;
			sourceTree = "<group>";
		};
		B77539091F606F0A00A83B12 /* MatchInfoViewModel */ = {
			isa = PBXGroup;
			children = (
				B77539151F606F8300A83B12 /* MatchInfoViewModel.swift */,
			);
			path = MatchInfoViewModel;
			sourceTree = "<group>";
		};
		B775390A1F606F1800A83B12 /* Models */ = {
			isa = PBXGroup;
			children = (
				B77539171F606F9500A83B12 /* MatchInfoModel.swift */,
				B775391B1F606FAB00A83B12 /* DataModel.swift */,
				B775391D1F606FB500A83B12 /* InningModel.swift */,
				B77539191F606F9F00A83B12 /* WicketModel.swift */,
			);
			path = Models;
			sourceTree = "<group>";
		};
		B775390B1F606F2000A83B12 /* Helpers */ = {
			isa = PBXGroup;
			children = (
				B775390C1F606F2C00A83B12 /* Extensions */,
				B775390F1F606F5500A83B12 /* Utils.swift */,
			);
			path = Helpers;
			sourceTree = "<group>";
		};
		B775390C1F606F2C00A83B12 /* Extensions */ = {
			isa = PBXGroup;
			children = (
				B775390D1F606F4B00A83B12 /* DataExtension.swift */,
			);
			path = Extensions;
			sourceTree = "<group>";
		};
/* End PBXGroup section */

/* Begin PBXNativeTarget section */
		B77538EF1F606E0800A83B12 /* MatchInfo_Test */ = {
			isa = PBXNativeTarget;
			buildConfigurationList = B77539021F606E0800A83B12 /* Build configuration list for PBXNativeTarget "MatchInfo_Test" */;
			buildPhases = (
				CBEBF966FFF4DA94B84252CD /* [CP] Check Pods Manifest.lock */,
				B77538EC1F606E0800A83B12 /* Sources */,
				B77538ED1F606E0800A83B12 /* Frameworks */,
				B77538EE1F606E0800A83B12 /* Resources */,
				DC89EDBB91B849B0637682E9 /* [CP] Embed Pods Frameworks */,
				E6CB0E8083F17AA9712F69B0 /* [CP] Copy Pods Resources */,
			);
			buildRules = (
			);
			dependencies = (
			);
			name = MatchInfo_Test;
			productName = MatchInfo_Test;
			productReference = B77538F01F606E0800A83B12 /* MatchInfo_Test.app */;
			productType = "com.apple.product-type.application";
		};
/* End PBXNativeTarget section */

/* Begin PBXProject section */
		B77538E81F606E0800A83B12 /* Project object */ = {
			isa = PBXProject;
			attributes = {
				LastSwiftUpdateCheck = 0820;
				LastUpgradeCheck = 0820;
				ORGANIZATIONNAME = dotZul;
				TargetAttributes = {
					B77538EF1F606E0800A83B12 = {
						CreatedOnToolsVersion = 8.2.1;
						ProvisioningStyle = Automatic;
					};
				};
			};
			buildConfigurationList = B77538EB1F606E0800A83B12 /* Build configuration list for PBXProject "MatchInfo_Test" */;
			compatibilityVersion = "Xcode 3.2";
			developmentRegion = English;
			hasScannedForEncodings = 0;
			knownRegions = (
				en,
				Base,
			);
			mainGroup = B77538E71F606E0800A83B12;
			productRefGroup = B77538F11F606E0800A83B12 /* Products */;
			projectDirPath = "";
			projectRoot = "";
			targets = (
				B77538EF1F606E0800A83B12 /* MatchInfo_Test */,
			);
		};
/* End PBXProject section */

/* Begin PBXResourcesBuildPhase section */
		B77538EE1F606E0800A83B12 /* Resources */ = {
			isa = PBXResourcesBuildPhase;
			buildActionMask = 2147483647;
			files = (
				B77538FE1F606E0800A83B12 /* LaunchScreen.storyboard in Resources */,
				B77538FB1F606E0800A83B12 /* Assets.xcassets in Resources */,
				B77539201F60712A00A83B12 /* match_info.json in Resources */,
				B77539061F606E8600A83B12 /* Podfile in Resources */,
				B77538F91F606E0800A83B12 /* Main.storyboard in Resources */,
			);
			runOnlyForDeploymentPostprocessing = 0;
		};
/* End PBXResourcesBuildPhase section */

/* Begin PBXShellScriptBuildPhase section */
		CBEBF966FFF4DA94B84252CD /* [CP] Check Pods Manifest.lock */ = {
			isa = PBXShellScriptBuildPhase;
			buildActionMask = 2147483647;
			files = (
			);
			inputPaths = (
				"${PODS_PODFILE_DIR_PATH}/Podfile.lock",
				"${PODS_ROOT}/Manifest.lock",
			);
			name = "[CP] Check Pods Manifest.lock";
			outputPaths = (
				"$(DERIVED_FILE_DIR)/Pods-MatchInfo_Test-checkManifestLockResult.txt",
			);
			runOnlyForDeploymentPostprocessing = 0;
			shellPath = /bin/sh;
			shellScript = "diff \"${PODS_PODFILE_DIR_PATH}/Podfile.lock\" \"${PODS_ROOT}/Manifest.lock\" > /dev/null\nif [ $? != 0 ] ; then\n    # print error to STDERR\n    echo \"error: The sandbox is not in sync with the Podfile.lock. Run 'pod install' or update your CocoaPods installation.\" >&2\n    exit 1\nfi\n# This output is used by Xcode 'outputs' to avoid re-running this script phase.\necho \"SUCCESS\" > \"${SCRIPT_OUTPUT_FILE_0}\"\n";
			showEnvVarsInLog = 0;
		};
		DC89EDBB91B849B0637682E9 /* [CP] Embed Pods Frameworks */ = {
			isa = PBXShellScriptBuildPhase;
			buildActionMask = 2147483647;
			files = (
			);
			inputPaths = (
				"${SRCROOT}/Pods/Target Support Files/Pods-MatchInfo_Test/Pods-MatchInfo_Test-frameworks.sh",
				"${BUILT_PRODUCTS_DIR}/ObjectMapper/ObjectMapper.framework",
				"${BUILT_PRODUCTS_DIR}/SwiftyJSON/SwiftyJSON.framework",
			);
			name = "[CP] Embed Pods Frameworks";
			outputPaths = (
				"${TARGET_BUILD_DIR}/${FRAMEWORKS_FOLDER_PATH}/ObjectMapper.framework",
				"${TARGET_BUILD_DIR}/${FRAMEWORKS_FOLDER_PATH}/SwiftyJSON.framework",
			);
			runOnlyForDeploymentPostprocessing = 0;
			shellPath = /bin/sh;
			shellScript = "\"${SRCROOT}/Pods/Target Support Files/Pods-MatchInfo_Test/Pods-MatchInfo_Test-frameworks.sh\"\n";
			showEnvVarsInLog = 0;
		};
		E6CB0E8083F17AA9712F69B0 /* [CP] Copy Pods Resources */ = {
			isa = PBXShellScriptBuildPhase;
			buildActionMask = 2147483647;
			files = (
			);
			inputPaths = (
			);
			name = "[CP] Copy Pods Resources";
			outputPaths = (
			);
			runOnlyForDeploymentPostprocessing = 0;
			shellPath = /bin/sh;
			shellScript = "\"${SRCROOT}/Pods/Target Support Files/Pods-MatchInfo_Test/Pods-MatchInfo_Test-resources.sh\"\n";
			showEnvVarsInLog = 0;
		};
/* End PBXShellScriptBuildPhase section */

/* Begin PBXSourcesBuildPhase section */
		B77538EC1F606E0800A83B12 /* Sources */ = {
			isa = PBXSourcesBuildPhase;
			buildActionMask = 2147483647;
			files = (
				B77539141F606F7600A83B12 /* BaseViewModelDelegate.swift in Sources */,
				B77539181F606F9500A83B12 /* MatchInfoModel.swift in Sources */,
				B77538F61F606E0800A83B12 /* ViewController.swift in Sources */,
				B77539121F606F6900A83B12 /* BaseViewModel.swift in Sources */,
				B775391A1F606F9F00A83B12 /* WicketModel.swift in Sources */,
				B775391E1F606FB500A83B12 /* InningModel.swift in Sources */,
				B775391C1F606FAB00A83B12 /* DataModel.swift in Sources */,
				B775390E1F606F4B00A83B12 /* DataExtension.swift in Sources */,
				B77538F41F606E0800A83B12 /* AppDelegate.swift in Sources */,
				B77539101F606F5500A83B12 /* Utils.swift in Sources */,
				B77539161F606F8300A83B12 /* MatchInfoViewModel.swift in Sources */,
			);
			runOnlyForDeploymentPostprocessing = 0;
		};
/* End PBXSourcesBuildPhase section */

/* Begin PBXVariantGroup section */
		B77538F71F606E0800A83B12 /* Main.storyboard */ = {
			isa = PBXVariantGroup;
			children = (
				B77538F81F606E0800A83B12 /* Base */,
			);
			name = Main.storyboard;
			sourceTree = "<group>";
		};
		B77538FC1F606E0800A83B12 /* LaunchScreen.storyboard */ = {
			isa = PBXVariantGroup;
			children = (
				B77538FD1F606E0800A83B12 /* Base */,
			);
			name = LaunchScreen.storyboard;
			sourceTree = "<group>";
		};
/* End PBXVariantGroup section */

/* Begin XCBuildConfiguration section */
		B77539001F606E0800A83B12 /* Debug */ = {
			isa = XCBuildConfiguration;
			buildSettings = {
				ALWAYS_SEARCH_USER_PATHS = NO;
				CLANG_ANALYZER_NONNULL = YES;
				CLANG_CXX_LANGUAGE_STANDARD = "gnu++0x";
				CLANG_CXX_LIBRARY = "libc++";
				CLANG_ENABLE_MODULES = YES;
				CLANG_ENABLE_OBJC_ARC = YES;
				CLANG_WARN_BOOL_CONVERSION = YES;
				CLANG_WARN_CONSTANT_CONVERSION = YES;
				CLANG_WARN_DIRECT_OBJC_ISA_USAGE = YES_ERROR;
				CLANG_WARN_DOCUMENTATION_COMMENTS = YES;
				CLANG_WARN_EMPTY_BODY = YES;
				CLANG_WARN_ENUM_CONVERSION = YES;
				CLANG_WARN_INFINITE_RECURSION = YES;
				CLANG_WARN_INT_CONVERSION = YES;
				CLANG_WARN_OBJC_ROOT_CLASS = YES_ERROR;
				CLANG_WARN_SUSPICIOUS_MOVE = YES;
				CLANG_WARN_UNREACHABLE_CODE = YES;
				CLANG_WARN__DUPLICATE_METHOD_MATCH = YES;
				"CODE_SIGN_IDENTITY[sdk=iphoneos*]" = "iPhone Developer";
				COPY_PHASE_STRIP = NO;
				DEBUG_INFORMATION_FORMAT = dwarf;
				ENABLE_STRICT_OBJC_MSGSEND = YES;
				ENABLE_TESTABILITY = YES;
				GCC_C_LANGUAGE_STANDARD = gnu99;
				GCC_DYNAMIC_NO_PIC = NO;
				GCC_NO_COMMON_BLOCKS = YES;
				GCC_OPTIMIZATION_LEVEL = 0;
				GCC_PREPROCESSOR_DEFINITIONS = (
					"DEBUG=1",
					"$(inherited)",
				);
				GCC_WARN_64_TO_32_BIT_CONVERSION = YES;
				GCC_WARN_ABOUT_RETURN_TYPE = YES_ERROR;
				GCC_WARN_UNDECLARED_SELECTOR = YES;
				GCC_WARN_UNINITIALIZED_AUTOS = YES_AGGRESSIVE;
				GCC_WARN_UNUSED_FUNCTION = YES;
				GCC_WARN_UNUSED_VARIABLE = YES;
				IPHONEOS_DEPLOYMENT_TARGET = 10.2;
				MTL_ENABLE_DEBUG_INFO = YES;
				ONLY_ACTIVE_ARCH = YES;
				SDKROOT = iphoneos;
				SWIFT_ACTIVE_COMPILATION_CONDITIONS = DEBUG;
				SWIFT_OPTIMIZATION_LEVEL = "-Onone";
				TARGETED_DEVICE_FAMILY = "1,2";
			};
			name = Debug;
		};
		B77539011F606E0800A83B12 /* Release */ = {
			isa = XCBuildConfiguration;
			buildSettings = {
				ALWAYS_SEARCH_USER_PATHS = NO;
				CLANG_ANALYZER_NONNULL = YES;
				CLANG_CXX_LANGUAGE_STANDARD = "gnu++0x";
				CLANG_CXX_LIBRARY = "libc++";
				CLANG_ENABLE_MODULES = YES;
				CLANG_ENABLE_OBJC_ARC = YES;
				CLANG_WARN_BOOL_CONVERSION = YES;
				CLANG_WARN_CONSTANT_CONVERSION = YES;
				CLANG_WARN_DIRECT_OBJC_ISA_USAGE = YES_ERROR;
				CLANG_WARN_DOCUMENTATION_COMMENTS = YES;
				CLANG_WARN_EMPTY_BODY = YES;
				CLANG_WARN_ENUM_CONVERSION = YES;
				CLANG_WARN_INFINITE_RECURSION = YES;
				CLANG_WARN_INT_CONVERSION = YES;
				CLANG_WARN_OBJC_ROOT_CLASS = YES_ERROR;
				CLANG_WARN_SUSPICIOUS_MOVE = YES;
				CLANG_WARN_UNREACHABLE_CODE = YES;
				CLANG_WARN__DUPLICATE_METHOD_MATCH = YES;
				"CODE_SIGN_IDENTITY[sdk=iphoneos*]" = "iPhone Developer";
				COPY_PHASE_STRIP = NO;
				DEBUG_INFORMATION_FORMAT = "dwarf-with-dsym";
				ENABLE_NS_ASSERTIONS = NO;
				ENABLE_STRICT_OBJC_MSGSEND = YES;
				GCC_C_LANGUAGE_STANDARD = gnu99;
				GCC_NO_COMMON_BLOCKS = YES;
				GCC_WARN_64_TO_32_BIT_CONVERSION = YES;
				GCC_WARN_ABOUT_RETURN_TYPE = YES_ERROR;
				GCC_WARN_UNDECLARED_SELECTOR = YES;
				GCC_WARN_UNINITIALIZED_AUTOS = YES_AGGRESSIVE;
				GCC_WARN_UNUSED_FUNCTION = YES;
				GCC_WARN_UNUSED_VARIABLE = YES;
				IPHONEOS_DEPLOYMENT_TARGET = 10.2;
				MTL_ENABLE_DEBUG_INFO = NO;
				SDKROOT = iphoneos;
				SWIFT_OPTIMIZATION_LEVEL = "-Owholemodule";
				TARGETED_DEVICE_FAMILY = "1,2";
				VALIDATE_PRODUCT = YES;
			};
			name = Release;
		};
		B77539031F606E0800A83B12 /* Debug */ = {
			isa = XCBuildConfiguration;
			baseConfigurationReference = 3D1B1C346FE2ABDA9AADC82A /* Pods-MatchInfo_Test.debug.xcconfig */;
			buildSettings = {
				ASSETCATALOG_COMPILER_APPICON_NAME = AppIcon;
				INFOPLIST_FILE = MatchInfo_Test/Info.plist;
				LD_RUNPATH_SEARCH_PATHS = "$(inherited) @executable_path/Frameworks";
				PRODUCT_BUNDLE_IDENTIFIER = "com.dotzul.MatchInfo-Test";
				PRODUCT_NAME = "$(TARGET_NAME)";
				SWIFT_VERSION = 3.0;
			};
			name = Debug;
		};
		B77539041F606E0800A83B12 /* Release */ = {
			isa = XCBuildConfiguration;
			baseConfigurationReference = F7BDA77881A4DD04851BA099 /* Pods-MatchInfo_Test.release.xcconfig */;
			buildSettings = {
				ASSETCATALOG_COMPILER_APPICON_NAME = AppIcon;
				INFOPLIST_FILE = MatchInfo_Test/Info.plist;
				LD_RUNPATH_SEARCH_PATHS = "$(inherited) @executable_path/Frameworks";
				PRODUCT_BUNDLE_IDENTIFIER = "com.dotzul.MatchInfo-Test";
				PRODUCT_NAME = "$(TARGET_NAME)";
				SWIFT_VERSION = 3.0;
			};
			name = Release;
		};
/* End XCBuildConfiguration section */

/* Begin XCConfigurationList section */
		B77538EB1F606E0800A83B12 /* Build configuration list for PBXProject "MatchInfo_Test" */ = {
			isa = XCConfigurationList;
			buildConfigurations = (
				B77539001F606E0800A83B12 /* Debug */,
				B77539011F606E0800A83B12 /* Release */,
			);
			defaultConfigurationIsVisible = 0;
			defaultConfigurationName = Release;
		};
		B77539021F606E0800A83B12 /* Build configuration list for PBXNativeTarget "MatchInfo_Test" */ = {
			isa = XCConfigurationList;
			buildConfigurations = (
				B77539031F606E0800A83B12 /* Debug */,
				B77539041F606E0800A83B12 /* Release */,
			);
			defaultConfigurationIsVisible = 0;
			defaultConfigurationName = Release;
		};
/* End XCConfigurationList section */
	};
	rootObject = B77538E81F606E0800A83B12 /* Project object */;
}
